// !$*UTF8*$!
{
	archiveVersion = 1;
	classes = {
	};
	objectVersion = 46;
	objects = {

/* Begin PBXBuildFile section */
		28A251151B1399CA00AB0A82 /* main.c in Sources */ = {isa = PBXBuildFile; fileRef = 28A251141B1399CA00AB0A82 /* main.c */; };
/* End PBXBuildFile section */

/* Begin PBXCopyFilesBuildPhase section */
		28A2510F1B1399CA00AB0A82 /* CopyFiles */ = {
			isa = PBXCopyFilesBuildPhase;
			buildActionMask = 2147483647;
			dstPath = /usr/share/man/man1/;
			dstSubfolderSpec = 0;
			files = (
			);
			runOnlyForDeploymentPostprocessing = 1;
		};
/* End PBXCopyFilesBuildPhase section */

/* Begin PBXFileReference section */
		28A251111B1399CA00AB0A82 /* triangle_wave */ = {isa = PBXFileReference; explicitFileType = "compiled.mach-o.executable"; includeInIndex = 0; path = triangle_wave; sourceTree = BUILT_PRODUCTS_DIR; };
		28A251141B1399CA00AB0A82 /* main.c */ = {isa = PBXFileReference; lastKnownFileType = sourcecode.c.c; path = main.c; sourceTree = "<group>"; };
/* End PBXFileReference section */

/* Begin PBXFrameworksBuildPhase section */
		28A2510E1B1399CA00AB0A82 /* Frameworks */ = {
			isa = PBXFrameworksBuildPhase;
			buildActionMask = 2147483647;
			files = (
			);
			runOnlyForDeploymentPostprocessing = 0;
		};
/* End PBXFrameworksBuildPhase section */

/* Begin PBXGroup section */
		28A251081B1399CA00AB0A82 = {
			isa = PBXGroup;
			children = (
				28A251131B1399CA00AB0A82 /* triangle_wave */,
				28A251121B1399CA00AB0A82 /* Products */,
			);
			sourceTree = "<group>";
		};
		28A251121B1399CA00AB0A82 /* Products */ = {
			isa = PBXGroup;
			children = (
				28A251111B1399CA00AB0A82 /* triangle_wave */,
			);
			name = Products;
			sourceTree = "<group>";
		};
		28A251131B1399CA00AB0A82 /* triangle_wave */ = {
			isa = PBXGroup;
			children = (
				28A251141B1399CA00AB0A82 /* main.c */,
			);
			path = triangle_wave;
			sourceTree = "<group>";
		};
/* End PBXGroup section */

/* Begin PBXNativeTarget section */
		28A251101B1399CA00AB0A82 /* triangle_wave */ = {
			isa = PBXNativeTarget;
			buildConfigurationList = 28A251181B1399CA00AB0A82 /* Build configuration list for PBXNativeTarget "triangle_wave" */;
			buildPhases = (
				28A2510D1B1399CA00AB0A82 /* Sources */,
				28A2510E1B1399CA00AB0A82 /* Frameworks */,
				28A2510F1B1399CA00AB0A82 /* CopyFiles */,
			);
			buildRules = (
			);
			dependencies = (
			);
			name = triangle_wave;
			productName = triangle_wave;
			productReference = 28A251111B1399CA00AB0A82 /* triangle_wave */;
			productType = "com.apple.product-type.tool";
		};
/* End PBXNativeTarget section */

/* Begin PBXProject section */
		28A251091B1399CA00AB0A82 /* Project object */ = {
			isa = PBXProject;
			attributes = {
				LastUpgradeCheck = 0620;
				ORGANIZATIONNAME = "Saeed Aliyu";
				TargetAttributes = {
					28A251101B1399CA00AB0A82 = {
						CreatedOnToolsVersion = 6.2;
					};
				};
			};
			buildConfigurationList = 28A2510C1B1399CA00AB0A82 /* Build configuration list for PBXProject "triangle_wave" */;
			compatibilityVersion = "Xcode 3.2";
			developmentRegion = English;
			hasScannedForEncodings = 0;
			knownRegions = (
				en,
			);
			mainGroup = 28A251081B1399CA00AB0A82;
			productRefGroup = 28A251121B1399CA00AB0A82 /* Products */;
			projectDirPath = "";
			projectRoot = "";
			targets = (
				28A251101B1399CA00AB0A82 /* triangle_wave */,
			);
		};
/* End PBXProject section */

/* Begin PBXSourcesBuildPhase section */
		28A2510D1B1399CA00AB0A82 /* Sources */ = {
			isa = PBXSourcesBuildPhase;
			buildActionMask = 2147483647;
			files = (
				28A251151B1399CA00AB0A82 /* main.c in Sources */,
			);
			runOnlyForDeploymentPostprocessing = 0;
		};
/* End PBXSourcesBuildPhase section */

/* Begin XCBuildConfiguration section */
		28A251161B1399CA00AB0A82 /* Debug */ = {
			isa = XCBuildConfiguration;
			buildSettings = {
				ALWAYS_SEARCH_USER_PATHS = NO;
				CLANG_CXX_LANGUAGE_STANDARD = "gnu++0x";
				CLANG_CXX_LIBRARY = "libc++";
				CLANG_ENABLE_MODULES = YES;
				CLANG_ENABLE_OBJC_ARC = YES;
				CLANG_WARN_BOOL_CONVERSION = YES;
				CLANG_WARN_CONSTANT_CONVERSION = YES;
				CLANG_WARN_DIRECT_OBJC_ISA_USAGE = YES_ERROR;
				CLANG_WARN_EMPTY_BODY = YES;
				CLANG_WARN_ENUM_CONVERSION = YES;
				CLANG_WARN_INT_CONVERSION = YES;
				CLANG_WARN_OBJC_ROOT_CLASS = YES_ERROR;
				CLANG_WARN_UNREACHABLE_CODE = YES;
				CLANG_WARN__DUPLICATE_METHOD_MATCH = YES;
				COPY_PHASE_STRIP = NO;
				ENABLE_STRICT_OBJC_MSGSEND = YES;
				GCC_C_LANGUAGE_STANDARD = gnu99;
				GCC_DYNAMIC_NO_PIC = NO;
				GCC_OPTIMIZATION_LEVEL = 0;
				GCC_PREPROCESSOR_DEFINITIONS = (
					"DEBUG=1",
					"$(inherited)",
				);
				GCC_SYMBOLS_PRIVATE_EXTERN = NO;
				GCC_WARN_64_TO_32_BIT_CONVERSION = YES;
				GCC_WARN_ABOUT_RETURN_TYPE = YES_ERROR;
				GCC_WARN_UNDECLARED_SELECTOR = YES;
				GCC_WARN_UNINITIALIZED_AUTOS = YES_AGGRESSIVE;
				GCC_WARN_UNUSED_FUNCTION = YES;
				GCC_WARN_UNUSED_VARIABLE = YES;
				MACOSX_DEPLOYMENT_TARGET = 10.10;
				MTL_ENABLE_DEBUG_INFO = YES;
				ONLY_ACTIVE_ARCH = YES;
				SDKROOT = macosx;
			};
			name = Debug;
		};
		28A251171B1399CA00AB0A82 /* Release */ = {
			isa = XCBuildConfiguration;
			buildSettings = {
				ALWAYS_SEARCH_USER_PATHS = NO;
				CLANG_CXX_LANGUAGE_STANDARD = "gnu++0x";
				CLANG_CXX_LIBRARY = "libc++";
				CLANG_ENABLE_MODULES = YES;
				CLANG_ENABLE_OBJC_ARC = YES;
				CLANG_WARN_BOOL_CONVERSION = YES;
				CLANG_WARN_CONSTANT_CONVERSION = YES;
				CLANG_WARN_DIRECT_OBJC_ISA_USAGE = YES_ERROR;
				CLANG_WARN_EMPTY_BODY = YES;
				CLANG_WARN_ENUM_CONVERSION = YES;
				CLANG_WARN_INT_CONVERSION = YES;
				CLANG_WARN_OBJC_ROOT_CLASS = YES_ERROR;
				CLANG_WARN_UNREACHABLE_CODE = YES;
				CLANG_WARN__DUPLICATE_METHOD_MATCH = YES;
				COPY_PHASE_STRIP = NO;
				DEBUG_INFORMATION_FORMAT = "dwarf-with-dsym";
				ENABLE_NS_ASSERTIONS = NO;
				ENABLE_STRICT_OBJC_MSGSEND = YES;
				GCC_C_LANGUAGE_STANDARD = gnu99;
				GCC_WARN_64_TO_32_BIT_CONVERSION = YES;
				GCC_WARN_ABOUT_RETURN_TYPE = YES_ERROR;
				GCC_WARN_UNDECLARED_SELECTOR = YES;
				GCC_WARN_UNINITIALIZED_AUTOS = YES_AGGRESSIVE;
				GCC_WARN_UNUSED_FUNCTION = YES;
				GCC_WARN_UNUSED_VARIABLE = YES;
				MACOSX_DEPLOYMENT_TARGET = 10.10;
				MTL_ENABLE_DEBUG_INFO = NO;
				SDKROOT = macosx;
			};
			name = Release;
		};
		28A251191B1399CA00AB0A82 /* Debug */ = {
			isa = XCBuildConfiguration;
			buildSettings = {
				PRODUCT_NAME = "$(TARGET_NAME)";
			};
			name = Debug;
		};
		28A2511A1B1399CA00AB0A82 /* Release */ = {
			isa = XCBuildConfiguration;
			buildSettings = {
				PRODUCT_NAME = "$(TARGET_NAME)";
			};
			name = Release;
		};
/* End XCBuildConfiguration section */

/* Begin XCConfigurationList section */
		28A2510C1B1399CA00AB0A82 /* Build configuration list for PBXProject "triangle_wave" */ = {
			isa = XCConfigurationList;
			buildConfigurations = (
				28A251161B1399CA00AB0A82 /* Debug */,
				28A251171B1399CA00AB0A82 /* Release */,
			);
			defaultConfigurationIsVisible = 0;
			defaultConfigurationName = Release;
		};
		28A251181B1399CA00AB0A82 /* Build configuration list for PBXNativeTarget "triangle_wave" */ = {
			isa = XCConfigurationList;
			buildConfigurations = (
				28A251191B1399CA00AB0A82 /* Debug */,
				28A2511A1B1399CA00AB0A82 /* Release */,
			);
			defaultConfigurationIsVisible = 0;
		};
/* End XCConfigurationList section */
	};
	rootObject = 28A251091B1399CA00AB0A82 /* Project object */;
}
